
Microsoft Visual Studio Solution File, Format Version 12.00
# Visual Studio Version 17
VisualStudioVersion = 17.9.34714.143
MinimumVisualStudioVersion = 10.0.40219.1
Project("{FAE04EC0-301F-11D3-BF4B-00C04F79EFBC}") = "MagicVilla_API", "MagicVilla_API\MagicVilla_API.csproj", "{60BB014A-2BB1-4CAA-B1D6-9A17E3DE32AB}"
EndProject
Global
	GlobalSection(SolutionConfigurationPlatforms) = preSolution
		Debug|Any CPU = Debug|Any CPU
		Release|Any CPU = Release|Any CPU
	EndGlobalSection
	GlobalSection(ProjectConfigurationPlatforms) = postSolution
		{60BB014A-2BB1-4CAA-B1D6-9A17E3DE32AB}.Debug|Any CPU.ActiveCfg = Debug|Any CPU
		{60BB014A-2BB1-4CAA-B1D6-9A17E3DE32AB}.Debug|Any CPU.Build.0 = Debug|Any CPU
		{60BB014A-2BB1-4CAA-B1D6-9A17E3DE32AB}.Release|Any CPU.ActiveCfg = Release|Any CPU
		{60BB014A-2BB1-4CAA-B1D6-9A17E3DE32AB}.Release|Any CPU.Build.0 = Release|Any CPU
	EndGlobalSection
	GlobalSection(SolutionProperties) = preSolution
		HideSolutionNode = FALSE
	EndGlobalSection
	GlobalSection(ExtensibilityGlobals) = postSolution
		SolutionGuid = {6E6338EA-CBF1-47BF-A2ED-63B50AB5D676}
	EndGlobalSection
EndGlobal
